// !$*UTF8*$!
{
	archiveVersion = 1;
	classes = {
	};
	objectVersion = 46;
	objects = {

/* Begin PBXBuildFile section */
		D1A6DD9D1B6F08200030F86D /* main.swift in Sources */ = {isa = PBXBuildFile; fileRef = D1A6DD9C1B6F08200030F86D /* main.swift */; };
		D1A6DDA51B6F08C60030F86D /* card.swift in Sources */ = {isa = PBXBuildFile; fileRef = D1A6DDA41B6F08C60030F86D /* card.swift */; };
		D1A6DDA81B6F08D30030F86D /* Deck.swift in Sources */ = {isa = PBXBuildFile; fileRef = D1A6DDA61B6F08D30030F86D /* Deck.swift */; };
		D1A6DDA91B6F08D30030F86D /* PokerHands.swift in Sources */ = {isa = PBXBuildFile; fileRef = D1A6DDA71B6F08D30030F86D /* PokerHands.swift */; };
/* End PBXBuildFile section */

/* Begin PBXCopyFilesBuildPhase section */
		D1A6DD971B6F08200030F86D /* CopyFiles */ = {
			isa = PBXCopyFilesBuildPhase;
			buildActionMask = 2147483647;
			dstPath = /usr/share/man/man1/;
			dstSubfolderSpec = 0;
			files = (
			);
			runOnlyForDeploymentPostprocessing = 1;
		};
/* End PBXCopyFilesBuildPhase section */

/* Begin PBXFileReference section */
		D1A6DD991B6F08200030F86D /* Cards */ = {isa = PBXFileReference; explicitFileType = "compiled.mach-o.executable"; includeInIndex = 0; path = Cards; sourceTree = BUILT_PRODUCTS_DIR; };
		D1A6DD9C1B6F08200030F86D /* main.swift */ = {isa = PBXFileReference; lastKnownFileType = sourcecode.swift; path = main.swift; sourceTree = "<group>"; };
		D1A6DDA41B6F08C60030F86D /* card.swift */ = {isa = PBXFileReference; fileEncoding = 4; lastKnownFileType = sourcecode.swift; path = card.swift; sourceTree = "<group>"; };
		D1A6DDA61B6F08D30030F86D /* Deck.swift */ = {isa = PBXFileReference; fileEncoding = 4; lastKnownFileType = sourcecode.swift; path = Deck.swift; sourceTree = "<group>"; };
		D1A6DDA71B6F08D30030F86D /* PokerHands.swift */ = {isa = PBXFileReference; fileEncoding = 4; lastKnownFileType = sourcecode.swift; path = PokerHands.swift; sourceTree = "<group>"; };
/* End PBXFileReference section */

/* Begin PBXFrameworksBuildPhase section */
		D1A6DD961B6F08200030F86D /* Frameworks */ = {
			isa = PBXFrameworksBuildPhase;
			buildActionMask = 2147483647;
			files = (
			);
			runOnlyForDeploymentPostprocessing = 0;
		};
/* End PBXFrameworksBuildPhase section */

/* Begin PBXGroup section */
		D1A6DD901B6F08200030F86D = {
			isa = PBXGroup;
			children = (
				D1A6DD9B1B6F08200030F86D /* Cards */,
				D1A6DD9A1B6F08200030F86D /* Products */,
			);
			sourceTree = "<group>";
		};
		D1A6DD9A1B6F08200030F86D /* Products */ = {
			isa = PBXGroup;
			children = (
				D1A6DD991B6F08200030F86D /* Cards */,
			);
			name = Products;
			sourceTree = "<group>";
		};
		D1A6DD9B1B6F08200030F86D /* Cards */ = {
			isa = PBXGroup;
			children = (
				D1A6DD9C1B6F08200030F86D /* main.swift */,
				D1A6DDA41B6F08C60030F86D /* card.swift */,
				D1A6DDA61B6F08D30030F86D /* Deck.swift */,
				D1A6DDA71B6F08D30030F86D /* PokerHands.swift */,
			);
			path = Cards;
			sourceTree = "<group>";
		};
/* End PBXGroup section */

/* Begin PBXNativeTarget section */
		D1A6DD981B6F08200030F86D /* Cards */ = {
			isa = PBXNativeTarget;
			buildConfigurationList = D1A6DDA01B6F08200030F86D /* Build configuration list for PBXNativeTarget "Cards" */;
			buildPhases = (
				D1A6DD951B6F08200030F86D /* Sources */,
				D1A6DD961B6F08200030F86D /* Frameworks */,
				D1A6DD971B6F08200030F86D /* CopyFiles */,
			);
			buildRules = (
			);
			dependencies = (
			);
			name = Cards;
			productName = Cards;
			productReference = D1A6DD991B6F08200030F86D /* Cards */;
			productType = "com.apple.product-type.tool";
		};
/* End PBXNativeTarget section */

/* Begin PBXProject section */
		D1A6DD911B6F08200030F86D /* Project object */ = {
			isa = PBXProject;
			attributes = {
				LastUpgradeCheck = 0640;
				ORGANIZATIONNAME = DavisLee;
				TargetAttributes = {
					D1A6DD981B6F08200030F86D = {
						CreatedOnToolsVersion = 6.4;
					};
				};
			};
			buildConfigurationList = D1A6DD941B6F08200030F86D /* Build configuration list for PBXProject "Cards" */;
			compatibilityVersion = "Xcode 3.2";
			developmentRegion = English;
			hasScannedForEncodings = 0;
			knownRegions = (
				en,
			);
			mainGroup = D1A6DD901B6F08200030F86D;
			productRefGroup = D1A6DD9A1B6F08200030F86D /* Products */;
			projectDirPath = "";
			projectRoot = "";
			targets = (
				D1A6DD981B6F08200030F86D /* Cards */,
			);
		};
/* End PBXProject section */

/* Begin PBXSourcesBuildPhase section */
		D1A6DD951B6F08200030F86D /* Sources */ = {
			isa = PBXSourcesBuildPhase;
			buildActionMask = 2147483647;
			files = (
				D1A6DDA81B6F08D30030F86D /* Deck.swift in Sources */,
				D1A6DD9D1B6F08200030F86D /* main.swift in Sources */,
				D1A6DDA91B6F08D30030F86D /* PokerHands.swift in Sources */,
				D1A6DDA51B6F08C60030F86D /* card.swift in Sources */,
			);
			runOnlyForDeploymentPostprocessing = 0;
		};
/* End PBXSourcesBuildPhase section */

/* Begin XCBuildConfiguration section */
		D1A6DD9E1B6F08200030F86D /* Debug */ = {
			isa = XCBuildConfiguration;
			buildSettings = {
				ALWAYS_SEARCH_USER_PATHS = NO;
				CLANG_CXX_LANGUAGE_STANDARD = "gnu++0x";
				CLANG_CXX_LIBRARY = "libc++";
				CLANG_ENABLE_MODULES = YES;
				CLANG_ENABLE_OBJC_ARC = YES;
				CLANG_WARN_BOOL_CONVERSION = YES;
				CLANG_WARN_CONSTANT_CONVERSION = YES;
				CLANG_WARN_DIRECT_OBJC_ISA_USAGE = YES_ERROR;
				CLANG_WARN_EMPTY_BODY = YES;
				CLANG_WARN_ENUM_CONVERSION = YES;
				CLANG_WARN_INT_CONVERSION = YES;
				CLANG_WARN_OBJC_ROOT_CLASS = YES_ERROR;
				CLANG_WARN_UNREACHABLE_CODE = YES;
				CLANG_WARN__DUPLICATE_METHOD_MATCH = YES;
				COPY_PHASE_STRIP = NO;
				DEBUG_INFORMATION_FORMAT = dwarf;
				ENABLE_STRICT_OBJC_MSGSEND = YES;
				GCC_C_LANGUAGE_STANDARD = gnu99;
				GCC_DYNAMIC_NO_PIC = NO;
				GCC_NO_COMMON_BLOCKS = YES;
				GCC_OPTIMIZATION_LEVEL = 0;
				GCC_PREPROCESSOR_DEFINITIONS = (
					"DEBUG=1",
					"$(inherited)",
				);
				GCC_SYMBOLS_PRIVATE_EXTERN = NO;
				GCC_WARN_64_TO_32_BIT_CONVERSION = YES;
				GCC_WARN_ABOUT_RETURN_TYPE = YES_ERROR;
				GCC_WARN_UNDECLARED_SELECTOR = YES;
				GCC_WARN_UNINITIALIZED_AUTOS = YES_AGGRESSIVE;
				GCC_WARN_UNUSED_FUNCTION = YES;
				GCC_WARN_UNUSED_VARIABLE = YES;
				MACOSX_DEPLOYMENT_TARGET = 10.10;
				MTL_ENABLE_DEBUG_INFO = YES;
				ONLY_ACTIVE_ARCH = YES;
				SDKROOT = macosx;
				SWIFT_OPTIMIZATION_LEVEL = "-Onone";
			};
			name = Debug;
		};
		D1A6DD9F1B6F08200030F86D /* Release */ = {
			isa = XCBuildConfiguration;
			buildSettings = {
				ALWAYS_SEARCH_USER_PATHS = NO;
				CLANG_CXX_LANGUAGE_STANDARD = "gnu++0x";
				CLANG_CXX_LIBRARY = "libc++";
				CLANG_ENABLE_MODULES = YES;
				CLANG_ENABLE_OBJC_ARC = YES;
				CLANG_WARN_BOOL_CONVERSION = YES;
				CLANG_WARN_CONSTANT_CONVERSION = YES;
				CLANG_WARN_DIRECT_OBJC_ISA_USAGE = YES_ERROR;
				CLANG_WARN_EMPTY_BODY = YES;
				CLANG_WARN_ENUM_CONVERSION = YES;
				CLANG_WARN_INT_CONVERSION = YES;
				CLANG_WARN_OBJC_ROOT_CLASS = YES_ERROR;
				CLANG_WARN_UNREACHABLE_CODE = YES;
				CLANG_WARN__DUPLICATE_METHOD_MATCH = YES;
				COPY_PHASE_STRIP = NO;
				DEBUG_INFORMATION_FORMAT = "dwarf-with-dsym";
				ENABLE_NS_ASSERTIONS = NO;
				ENABLE_STRICT_OBJC_MSGSEND = YES;
				GCC_C_LANGUAGE_STANDARD = gnu99;
				GCC_NO_COMMON_BLOCKS = YES;
				GCC_WARN_64_TO_32_BIT_CONVERSION = YES;
				GCC_WARN_ABOUT_RETURN_TYPE = YES_ERROR;
				GCC_WARN_UNDECLARED_SELECTOR = YES;
				GCC_WARN_UNINITIALIZED_AUTOS = YES_AGGRESSIVE;
				GCC_WARN_UNUSED_FUNCTION = YES;
				GCC_WARN_UNUSED_VARIABLE = YES;
				MACOSX_DEPLOYMENT_TARGET = 10.10;
				MTL_ENABLE_DEBUG_INFO = NO;
				SDKROOT = macosx;
			};
			name = Release;
		};
		D1A6DDA11B6F08200030F86D /* Debug */ = {
			isa = XCBuildConfiguration;
			buildSettings = {
				PRODUCT_NAME = "$(TARGET_NAME)";
			};
			name = Debug;
		};
		D1A6DDA21B6F08200030F86D /* Release */ = {
			isa = XCBuildConfiguration;
			buildSettings = {
				PRODUCT_NAME = "$(TARGET_NAME)";
			};
			name = Release;
		};
/* End XCBuildConfiguration section */

/* Begin XCConfigurationList section */
		D1A6DD941B6F08200030F86D /* Build configuration list for PBXProject "Cards" */ = {
			isa = XCConfigurationList;
			buildConfigurations = (
				D1A6DD9E1B6F08200030F86D /* Debug */,
				D1A6DD9F1B6F08200030F86D /* Release */,
			);
			defaultConfigurationIsVisible = 0;
			defaultConfigurationName = Release;
		};
		D1A6DDA01B6F08200030F86D /* Build configuration list for PBXNativeTarget "Cards" */ = {
			isa = XCConfigurationList;
			buildConfigurations = (
				D1A6DDA11B6F08200030F86D /* Debug */,
				D1A6DDA21B6F08200030F86D /* Release */,
			);
			defaultConfigurationIsVisible = 0;
			defaultConfigurationName = Release;
		};
/* End XCConfigurationList section */
	};
	rootObject = D1A6DD911B6F08200030F86D /* Project object */;
}
